{
  "format_version": 1,
  "repository": "https://github.com/TES5Edit/TES5Edit",
  "tag": "xedit-4.1.5f",
  "commit": "f5c00f3fa3ee39511185515802647246c807f759",
  "archive_url": "https://github.com/TES5Edit/TES5Edit/archive/f5c00f3fa3ee39511185515802647246c807f759.zip",
  "archive_sha256": "8c89ff9822375cdd0b5183ecb0cda04ae6529a9e8bda7ea78426a43bac13d3e8"
}
